
Microsoft Visual Studio Solution File, Format Version 12.00
# Visual Studio Version 18
VisualStudioVersion = 18.4.11620.152
MinimumVisualStudioVersion = 10.0.40219.1
Project("{FAE04EC0-301F-11D3-BF4B-00C04F79EFBC}") = "MessengerClient", "MessengerClient\MessengerClient.csproj", "{FDFC1475-5632-5810-FBDC-00426D978F1F}"
EndProject
Project("{FAE04EC0-301F-11D3-BF4B-00C04F79EFBC}") = "MessengerServer", "MessengerServer\MessengerServer.csproj", "{3FBC9168-2E11-5026-10D8-0F868310062C}"
EndProject
Project("{FAE04EC0-301F-11D3-BF4B-00C04F79EFBC}") = "MessengerShared", "MessengerShared\MessengerShared.csproj", "{5A09307C-C1CD-9003-E8E6-048A3B90B6E5}"
EndProject
Project("{FAE04EC0-301F-11D3-BF4B-00C04F79EFBC}") = "MessengerClient2", "MessengerClient2\MessengerClient2.csproj", "{A1E2AE39-F1F2-48A5-B75B-764A49CBBF9D}"
EndProject
Global
	GlobalSection(SolutionConfigurationPlatforms) = preSolution
		Debug|Any CPU = Debug|Any CPU
		Release|Any CPU = Release|Any CPU
	EndGlobalSection
	GlobalSection(ProjectConfigurationPlatforms) = postSolution
		{FDFC1475-5632-5810-FBDC-00426D978F1F}.Debug|Any CPU.ActiveCfg = Debug|Any CPU
		{FDFC1475-5632-5810-FBDC-00426D978F1F}.Debug|Any CPU.Build.0 = Debug|Any CPU
		{FDFC1475-5632-5810-FBDC-00426D978F1F}.Release|Any CPU.ActiveCfg = Release|Any CPU
		{FDFC1475-5632-5810-FBDC-00426D978F1F}.Release|Any CPU.Build.0 = Release|Any CPU
		{3FBC9168-2E11-5026-10D8-0F868310062C}.Debug|Any CPU.ActiveCfg = Debug|Any CPU
		{3FBC9168-2E11-5026-10D8-0F868310062C}.Debug|Any CPU.Build.0 = Debug|Any CPU
		{3FBC9168-2E11-5026-10D8-0F868310062C}.Release|Any CPU.ActiveCfg = Release|Any CPU
		{3FBC9168-2E11-5026-10D8-0F868310062C}.Release|Any CPU.Build.0 = Release|Any CPU
		{5A09307C-C1CD-9003-E8E6-048A3B90B6E5}.Debug|Any CPU.ActiveCfg = Debug|Any CPU
		{5A09307C-C1CD-9003-E8E6-048A3B90B6E5}.Debug|Any CPU.Build.0 = Debug|Any CPU
		{5A09307C-C1CD-9003-E8E6-048A3B90B6E5}.Release|Any CPU.ActiveCfg = Release|Any CPU
		{5A09307C-C1CD-9003-E8E6-048A3B90B6E5}.Release|Any CPU.Build.0 = Release|Any CPU
		{A1E2AE39-F1F2-48A5-B75B-764A49CBBF9D}.Debug|Any CPU.ActiveCfg = Debug|Any CPU
		{A1E2AE39-F1F2-48A5-B75B-764A49CBBF9D}.Debug|Any CPU.Build.0 = Debug|Any CPU
		{A1E2AE39-F1F2-48A5-B75B-764A49CBBF9D}.Release|Any CPU.ActiveCfg = Release|Any CPU
		{A1E2AE39-F1F2-48A5-B75B-764A49CBBF9D}.Release|Any CPU.Build.0 = Release|Any CPU
	EndGlobalSection
	GlobalSection(SolutionProperties) = preSolution
		HideSolutionNode = FALSE
	EndGlobalSection
	GlobalSection(ExtensibilityGlobals) = postSolution
		SolutionGuid = {97D08C7C-543B-451F-8662-58B320F73807}
	EndGlobalSection
EndGlobal
