
Microsoft Visual Studio Solution File, Format Version 12.00
# Visual Studio Version 17
VisualStudioVersion = 17.14.36811.4
MinimumVisualStudioVersion = 10.0.40219.1
Project("{FAE04EC0-301F-11D3-BF4B-00C04F79EFBC}") = "MessengerServer", "MessengerServer\MessengerServer.csproj", "{8316BF7D-1F19-4F8D-BEA2-9DCA075B7081}"
EndProject
Project("{FAE04EC0-301F-11D3-BF4B-00C04F79EFBC}") = "MessengerClient", "MessengerClient\MessengerClient.csproj", "{5332536E-409D-44DB-898D-7786FE58D9ED}"
EndProject
Global
	GlobalSection(SolutionConfigurationPlatforms) = preSolution
		Debug|Any CPU = Debug|Any CPU
		Release|Any CPU = Release|Any CPU
	EndGlobalSection
	GlobalSection(ProjectConfigurationPlatforms) = postSolution
		{8316BF7D-1F19-4F8D-BEA2-9DCA075B7081}.Debug|Any CPU.ActiveCfg = Debug|Any CPU
		{8316BF7D-1F19-4F8D-BEA2-9DCA075B7081}.Debug|Any CPU.Build.0 = Debug|Any CPU
		{8316BF7D-1F19-4F8D-BEA2-9DCA075B7081}.Release|Any CPU.ActiveCfg = Release|Any CPU
		{8316BF7D-1F19-4F8D-BEA2-9DCA075B7081}.Release|Any CPU.Build.0 = Release|Any CPU
		{5332536E-409D-44DB-898D-7786FE58D9ED}.Debug|Any CPU.ActiveCfg = Debug|Any CPU
		{5332536E-409D-44DB-898D-7786FE58D9ED}.Debug|Any CPU.Build.0 = Debug|Any CPU
		{5332536E-409D-44DB-898D-7786FE58D9ED}.Release|Any CPU.ActiveCfg = Release|Any CPU
		{5332536E-409D-44DB-898D-7786FE58D9ED}.Release|Any CPU.Build.0 = Release|Any CPU
	EndGlobalSection
	GlobalSection(SolutionProperties) = preSolution
		HideSolutionNode = FALSE
	EndGlobalSection
	GlobalSection(ExtensibilityGlobals) = postSolution
		SolutionGuid = {933EEFDA-A05F-45D7-883D-9EF4D1854A0C}
	EndGlobalSection
EndGlobal
